SITE
  remote: http://community.opscode.com/api/v1
  specs:
    apache2 (1.7.0)
    build-essential (1.4.2)
    mysql (3.0.4)
      build-essential (> 1.1.0)
      openssl (>= 0.0.0)
    openssl (1.1.0)
    passenger_apache2 (2.0.4)
      apache2 (>= 1.0.4)
      build-essential (>= 0.0.0)
    rails (0.9.2)
      apache2 (>= 0)
      ruby (>= 0)
    ruby (0.9.2)
    sqlite (1.0.0)

GIT
  remote: git@github.com:tikalk-cookbooks/redmine.git
  ref: master
  sha: 3291a861f17303ecbd0fc447899e6364897250a1
  specs:
    redmine (0.10.3)
      apache2 (>= 0)
      mysql (>= 0)
      passenger_apache2 (>= 0)
      rails (>= 0)
      sqlite (>= 0)

DEPENDENCIES
  redmine (>= 0)

